
Microsoft Visual Studio Solution File, Format Version 12.00
# Visual Studio Version 17
VisualStudioVersion = 17.9.34723.18
MinimumVisualStudioVersion = 10.0.40219.1
Project("{2150E333-8FDC-42A3-9474-1A3956D46DE8}") = "src", "src", "{AC82D313-60EC-4F5E-B13D-9B3787C4B1FD}"
EndProject
Project("{2150E333-8FDC-42A3-9474-1A3956D46DE8}") = "Core", "Core", "{BD9FDDB4-1CE6-4CB0-8E1A-462DA60DC38C}"
EndProject
Project("{2150E333-8FDC-42A3-9474-1A3956D46DE8}") = "Infrastructure", "Infrastructure", "{9E3BA11D-E635-4948-A29E-42F2EB5C3A6C}"
EndProject
Project("{2150E333-8FDC-42A3-9474-1A3956D46DE8}") = "API", "API", "{B1C39E92-583F-4A5E-801C-F06843D7CCDF}"
EndProject
Project("{2150E333-8FDC-42A3-9474-1A3956D46DE8}") = "test", "test", "{5C2FB1C5-71AE-4F80-9815-706DDAEFCC32}"
EndProject
Project("{2150E333-8FDC-42A3-9474-1A3956D46DE8}") = "UI", "UI", "{D38F86E1-DD75-4424-824E-28487EEA536D}"
EndProject
Project("{FAE04EC0-301F-11D3-BF4B-00C04F79EFBC}") = "MovieAPI.Domin", "MovieAPI.Domin\MovieAPI.Domin.csproj", "{9ED82A89-6B64-4752-AF08-945D1FD779B7}"
EndProject
Project("{FAE04EC0-301F-11D3-BF4B-00C04F79EFBC}") = "MovieAPI.Application", "MovieAPI.Application\MovieAPI.Application.csproj", "{E503E94D-F697-4751-AB4A-840C303E3932}"
EndProject
Project("{FAE04EC0-301F-11D3-BF4B-00C04F79EFBC}") = "MovieAPI.Persistence", "MovieAPI.Persistence\MovieAPI.Persistence.csproj", "{169E44A0-9A35-4203-A364-D283CFAE3CDE}"
EndProject
Project("{FAE04EC0-301F-11D3-BF4B-00C04F79EFBC}") = "MovieAPI.API", "MovieAPI.API\MovieAPI.API.csproj", "{FA634E62-AAE7-4519-A55E-248331C1A9ED}"
EndProject
Project("{FAE04EC0-301F-11D3-BF4B-00C04F79EFBC}") = "MovieAPI.Infrastructure", "MovieAPI.Infrastructure\MovieAPI.Infrastructure.csproj", "{9350C04C-9C53-4F2C-A636-012C205C7F76}"
EndProject
Project("{E53339B2-1760-4266-BCC7-CA923CBCF16C}") = "docker-compose", "docker-compose.dcproj", "{18C46D41-162B-448D-9639-AD3E96EB8E32}"
EndProject
Project("{FAE04EC0-301F-11D3-BF4B-00C04F79EFBC}") = "MovieAPI.Application.UnitTests", "MovieAPI.Application.UnitTests\MovieAPI.Application.UnitTests.csproj", "{C58A3FBE-1BE7-4A36-82B7-58464972A1A6}"
EndProject
Project("{FAE04EC0-301F-11D3-BF4B-00C04F79EFBC}") = "MovieAPI.API.IntegrationTests", "MovieAPI.API.IntegrationTests\MovieAPI.API.IntegrationTests.csproj", "{38252655-93A9-4F4F-84E1-4D7D10332D3F}"
EndProject
Global
	GlobalSection(SolutionConfigurationPlatforms) = preSolution
		Debug|Any CPU = Debug|Any CPU
		Release|Any CPU = Release|Any CPU
	EndGlobalSection
	GlobalSection(ProjectConfigurationPlatforms) = postSolution
		{9ED82A89-6B64-4752-AF08-945D1FD779B7}.Debug|Any CPU.ActiveCfg = Debug|Any CPU
		{9ED82A89-6B64-4752-AF08-945D1FD779B7}.Debug|Any CPU.Build.0 = Debug|Any CPU
		{9ED82A89-6B64-4752-AF08-945D1FD779B7}.Release|Any CPU.ActiveCfg = Release|Any CPU
		{9ED82A89-6B64-4752-AF08-945D1FD779B7}.Release|Any CPU.Build.0 = Release|Any CPU
		{E503E94D-F697-4751-AB4A-840C303E3932}.Debug|Any CPU.ActiveCfg = Debug|Any CPU
		{E503E94D-F697-4751-AB4A-840C303E3932}.Debug|Any CPU.Build.0 = Debug|Any CPU
		{E503E94D-F697-4751-AB4A-840C303E3932}.Release|Any CPU.ActiveCfg = Release|Any CPU
		{E503E94D-F697-4751-AB4A-840C303E3932}.Release|Any CPU.Build.0 = Release|Any CPU
		{169E44A0-9A35-4203-A364-D283CFAE3CDE}.Debug|Any CPU.ActiveCfg = Debug|Any CPU
		{169E44A0-9A35-4203-A364-D283CFAE3CDE}.Debug|Any CPU.Build.0 = Debug|Any CPU
		{169E44A0-9A35-4203-A364-D283CFAE3CDE}.Release|Any CPU.ActiveCfg = Release|Any CPU
		{169E44A0-9A35-4203-A364-D283CFAE3CDE}.Release|Any CPU.Build.0 = Release|Any CPU
		{FA634E62-AAE7-4519-A55E-248331C1A9ED}.Debug|Any CPU.ActiveCfg = Debug|Any CPU
		{FA634E62-AAE7-4519-A55E-248331C1A9ED}.Debug|Any CPU.Build.0 = Debug|Any CPU
		{FA634E62-AAE7-4519-A55E-248331C1A9ED}.Release|Any CPU.ActiveCfg = Release|Any CPU
		{FA634E62-AAE7-4519-A55E-248331C1A9ED}.Release|Any CPU.Build.0 = Release|Any CPU
		{9350C04C-9C53-4F2C-A636-012C205C7F76}.Debug|Any CPU.ActiveCfg = Debug|Any CPU
		{9350C04C-9C53-4F2C-A636-012C205C7F76}.Debug|Any CPU.Build.0 = Debug|Any CPU
		{9350C04C-9C53-4F2C-A636-012C205C7F76}.Release|Any CPU.ActiveCfg = Release|Any CPU
		{9350C04C-9C53-4F2C-A636-012C205C7F76}.Release|Any CPU.Build.0 = Release|Any CPU
		{18C46D41-162B-448D-9639-AD3E96EB8E32}.Debug|Any CPU.ActiveCfg = Debug|Any CPU
		{18C46D41-162B-448D-9639-AD3E96EB8E32}.Debug|Any CPU.Build.0 = Debug|Any CPU
		{18C46D41-162B-448D-9639-AD3E96EB8E32}.Release|Any CPU.ActiveCfg = Release|Any CPU
		{18C46D41-162B-448D-9639-AD3E96EB8E32}.Release|Any CPU.Build.0 = Release|Any CPU
		{C58A3FBE-1BE7-4A36-82B7-58464972A1A6}.Debug|Any CPU.ActiveCfg = Debug|Any CPU
		{C58A3FBE-1BE7-4A36-82B7-58464972A1A6}.Debug|Any CPU.Build.0 = Debug|Any CPU
		{C58A3FBE-1BE7-4A36-82B7-58464972A1A6}.Release|Any CPU.ActiveCfg = Release|Any CPU
		{C58A3FBE-1BE7-4A36-82B7-58464972A1A6}.Release|Any CPU.Build.0 = Release|Any CPU
		{38252655-93A9-4F4F-84E1-4D7D10332D3F}.Debug|Any CPU.ActiveCfg = Debug|Any CPU
		{38252655-93A9-4F4F-84E1-4D7D10332D3F}.Debug|Any CPU.Build.0 = Debug|Any CPU
		{38252655-93A9-4F4F-84E1-4D7D10332D3F}.Release|Any CPU.ActiveCfg = Release|Any CPU
		{38252655-93A9-4F4F-84E1-4D7D10332D3F}.Release|Any CPU.Build.0 = Release|Any CPU
	EndGlobalSection
	GlobalSection(SolutionProperties) = preSolution
		HideSolutionNode = FALSE
	EndGlobalSection
	GlobalSection(NestedProjects) = preSolution
		{BD9FDDB4-1CE6-4CB0-8E1A-462DA60DC38C} = {AC82D313-60EC-4F5E-B13D-9B3787C4B1FD}
		{9E3BA11D-E635-4948-A29E-42F2EB5C3A6C} = {AC82D313-60EC-4F5E-B13D-9B3787C4B1FD}
		{B1C39E92-583F-4A5E-801C-F06843D7CCDF} = {AC82D313-60EC-4F5E-B13D-9B3787C4B1FD}
		{D38F86E1-DD75-4424-824E-28487EEA536D} = {AC82D313-60EC-4F5E-B13D-9B3787C4B1FD}
		{9ED82A89-6B64-4752-AF08-945D1FD779B7} = {BD9FDDB4-1CE6-4CB0-8E1A-462DA60DC38C}
		{E503E94D-F697-4751-AB4A-840C303E3932} = {BD9FDDB4-1CE6-4CB0-8E1A-462DA60DC38C}
		{169E44A0-9A35-4203-A364-D283CFAE3CDE} = {9E3BA11D-E635-4948-A29E-42F2EB5C3A6C}
		{FA634E62-AAE7-4519-A55E-248331C1A9ED} = {B1C39E92-583F-4A5E-801C-F06843D7CCDF}
		{9350C04C-9C53-4F2C-A636-012C205C7F76} = {9E3BA11D-E635-4948-A29E-42F2EB5C3A6C}
		{C58A3FBE-1BE7-4A36-82B7-58464972A1A6} = {5C2FB1C5-71AE-4F80-9815-706DDAEFCC32}
		{38252655-93A9-4F4F-84E1-4D7D10332D3F} = {5C2FB1C5-71AE-4F80-9815-706DDAEFCC32}
	EndGlobalSection
	GlobalSection(ExtensibilityGlobals) = postSolution
		SolutionGuid = {6DCB2BB2-83EF-49C9-8190-134B7B4301FE}
	EndGlobalSection
EndGlobal
